
Microsoft Visual Studio Solution File, Format Version 12.00
# Visual Studio Version 17
VisualStudioVersion = 17.11.35312.102
MinimumVisualStudioVersion = 10.0.40219.1
Project("{9A19103F-16F7-4668-BE54-9A1E7A4F7556}") = "CodeComplete", "CodeComplete\CodeComplete.csproj", "{67850D2B-237B-465F-A07B-1CCB1D255AF9}"
EndProject
Global
	GlobalSection(SolutionConfigurationPlatforms) = preSolution
		Debug|Any CPU = Debug|Any CPU
		Release|Any CPU = Release|Any CPU
	EndGlobalSection
	GlobalSection(ProjectConfigurationPlatforms) = postSolution
		{67850D2B-237B-465F-A07B-1CCB1D255AF9}.Debug|Any CPU.ActiveCfg = Debug|Any CPU
		{67850D2B-237B-465F-A07B-1CCB1D255AF9}.Debug|Any CPU.Build.0 = Debug|Any CPU
		{67850D2B-237B-465F-A07B-1CCB1D255AF9}.Release|Any CPU.ActiveCfg = Release|Any CPU
		{67850D2B-237B-465F-A07B-1CCB1D255AF9}.Release|Any CPU.Build.0 = Release|Any CPU
	EndGlobalSection
	GlobalSection(SolutionProperties) = preSolution
		HideSolutionNode = FALSE
	EndGlobalSection
	GlobalSection(ExtensibilityGlobals) = postSolution
		SolutionGuid = {AC49ECA7-912E-4970-A541-083319F49B69}
	EndGlobalSection
EndGlobal
